lockfileVersion: '6.0'

settings:
  autoInstallPeers: true
  excludeLinksFromLockfile: false

devDependencies:
  '@farmfe/plugin-tools':
    specifier: latest
    version: 0.0.2

packages:

  /@farmfe/plugin-tools@0.0.2:
    resolution: {integrity: sha512-46/x6HU5xPIT+AFc9WQjE4wY1czA0gXkw3a62R6uDH7f8H/ixPaw8EHC0raH8DxNu3zdTx+ClH2mKtHPCvSdQg==}
    hasBin: true
    dependencies:
      '@napi-rs/cli': 2.18.0
    dev: true

  /@napi-rs/cli@2.18.0:
    resolution: {integrity: sha512-lfSRT7cs3iC4L+kv9suGYQEezn5Nii7Kpu+THsYVI0tA1Vh59LH45p4QADaD7hvIkmOz79eEGtoKQ9nAkAPkzA==}
    engines: {node: '>= 10'}
    hasBin: true
    dev: true
